
Microsoft Visual Studio Solution File, Format Version 12.00
# Visual Studio Version 16
VisualStudioVersion = 16.0.29911.84
MinimumVisualStudioVersion = 10.0.40219.1
Project("{9A19103F-16F7-4668-BE54-9A1E7A4F7556}") = "Adapter Sample Objects", "Adapter Sample Objects\Adapter Sample Objects.csproj", "{F65653E7-FE15-4341-945C-71659964A8C1}"
EndProject
Global
	GlobalSection(SolutionConfigurationPlatforms) = preSolution
		Debug|Any CPU = Debug|Any CPU
		Release|Any CPU = Release|Any CPU
	EndGlobalSection
	GlobalSection(ProjectConfigurationPlatforms) = postSolution
		{F65653E7-FE15-4341-945C-71659964A8C1}.Debug|Any CPU.ActiveCfg = Debug|Any CPU
		{F65653E7-FE15-4341-945C-71659964A8C1}.Debug|Any CPU.Build.0 = Debug|Any CPU
		{F65653E7-FE15-4341-945C-71659964A8C1}.Release|Any CPU.ActiveCfg = Release|Any CPU
		{F65653E7-FE15-4341-945C-71659964A8C1}.Release|Any CPU.Build.0 = Release|Any CPU
	EndGlobalSection
	GlobalSection(SolutionProperties) = preSolution
		HideSolutionNode = FALSE
	EndGlobalSection
	GlobalSection(ExtensibilityGlobals) = postSolution
		SolutionGuid = {52C002A3-0CE3-47D3-A163-8F3D4BAC3ED6}
	EndGlobalSection
EndGlobal
