
Microsoft Visual Studio Solution File, Format Version 12.00
# Visual Studio Version 16
VisualStudioVersion = 16.0.29911.84
MinimumVisualStudioVersion = 10.0.40219.1
Project("{FAE04EC0-301F-11D3-BF4B-00C04F79EFBC}") = "Factory Method Object Sample", "Factory Method Object Sample\Factory Method Object Sample.csproj", "{2E726AF3-A58C-4BE6-8A2A-CD82E45A35C4}"
EndProject
Project("{FAE04EC0-301F-11D3-BF4B-00C04F79EFBC}") = "Factory Method Object Sample 2", "Factory Method Object Sample 2\Factory Method Object Sample 2.csproj", "{F9685441-F18F-4415-B6A2-37F9DD54F3D0}"
EndProject
Global
	GlobalSection(SolutionConfigurationPlatforms) = preSolution
		Debug|Any CPU = Debug|Any CPU
		Release|Any CPU = Release|Any CPU
	EndGlobalSection
	GlobalSection(ProjectConfigurationPlatforms) = postSolution
		{2E726AF3-A58C-4BE6-8A2A-CD82E45A35C4}.Debug|Any CPU.ActiveCfg = Debug|Any CPU
		{2E726AF3-A58C-4BE6-8A2A-CD82E45A35C4}.Debug|Any CPU.Build.0 = Debug|Any CPU
		{2E726AF3-A58C-4BE6-8A2A-CD82E45A35C4}.Release|Any CPU.ActiveCfg = Release|Any CPU
		{2E726AF3-A58C-4BE6-8A2A-CD82E45A35C4}.Release|Any CPU.Build.0 = Release|Any CPU
		{F9685441-F18F-4415-B6A2-37F9DD54F3D0}.Debug|Any CPU.ActiveCfg = Debug|Any CPU
		{F9685441-F18F-4415-B6A2-37F9DD54F3D0}.Debug|Any CPU.Build.0 = Debug|Any CPU
		{F9685441-F18F-4415-B6A2-37F9DD54F3D0}.Release|Any CPU.ActiveCfg = Release|Any CPU
		{F9685441-F18F-4415-B6A2-37F9DD54F3D0}.Release|Any CPU.Build.0 = Release|Any CPU
	EndGlobalSection
	GlobalSection(SolutionProperties) = preSolution
		HideSolutionNode = FALSE
	EndGlobalSection
	GlobalSection(ExtensibilityGlobals) = postSolution
		SolutionGuid = {A4368740-0F07-48D2-B89A-7B9950CF9B26}
	EndGlobalSection
EndGlobal
